
Microsoft Visual Studio Solution File, Format Version 12.00
# Visual Studio Version 16
VisualStudioVersion = 16.0.29123.88
MinimumVisualStudioVersion = 10.0.40219.1
Project("{FAE04EC0-301F-11D3-BF4B-00C04F79EFBC}") = "KrakenMPSPCrawlerTest", "KrakenMPSPCrawlerTest\KrakenMPSPCrawlerTest.csproj", "{D9833441-B9F5-4EBC-B53E-2AF0AA549845}"
EndProject
Project("{9A19103F-16F7-4668-BE54-9A1E7A4F7556}") = "KrakenMPSPCrawler", "..\KrakenMPSPCrawler\KrakenMPSPCrawler\KrakenMPSPCrawler.csproj", "{91E4442F-D37F-4E5C-9341-34746CDBCD1D}"
EndProject
Global
	GlobalSection(SolutionConfigurationPlatforms) = preSolution
		Debug|Any CPU = Debug|Any CPU
		Release|Any CPU = Release|Any CPU
	EndGlobalSection
	GlobalSection(ProjectConfigurationPlatforms) = postSolution
		{D9833441-B9F5-4EBC-B53E-2AF0AA549845}.Debug|Any CPU.ActiveCfg = Debug|Any CPU
		{D9833441-B9F5-4EBC-B53E-2AF0AA549845}.Debug|Any CPU.Build.0 = Debug|Any CPU
		{D9833441-B9F5-4EBC-B53E-2AF0AA549845}.Release|Any CPU.ActiveCfg = Release|Any CPU
		{D9833441-B9F5-4EBC-B53E-2AF0AA549845}.Release|Any CPU.Build.0 = Release|Any CPU
		{91E4442F-D37F-4E5C-9341-34746CDBCD1D}.Debug|Any CPU.ActiveCfg = Debug|Any CPU
		{91E4442F-D37F-4E5C-9341-34746CDBCD1D}.Debug|Any CPU.Build.0 = Debug|Any CPU
		{91E4442F-D37F-4E5C-9341-34746CDBCD1D}.Release|Any CPU.ActiveCfg = Release|Any CPU
		{91E4442F-D37F-4E5C-9341-34746CDBCD1D}.Release|Any CPU.Build.0 = Release|Any CPU
	EndGlobalSection
	GlobalSection(SolutionProperties) = preSolution
		HideSolutionNode = FALSE
	EndGlobalSection
	GlobalSection(ExtensibilityGlobals) = postSolution
		SolutionGuid = {AC450639-26D3-4092-8ED2-C40600896E68}
	EndGlobalSection
EndGlobal
